// !$*UTF8*$!
{
	archiveVersion = 1;
	classes = {
	};
	objectVersion = 50;
	objects = {

/* Begin PBXBuildFile section */
		124265602120A51B00AD6BDD /* NotificationDetail.swift in Sources */ = {isa = PBXBuildFile; fileRef = 1242655F2120A51B00AD6BDD /* NotificationDetail.swift */; };
		124265622120AFB800AD6BDD /* NotificationHelper.swift in Sources */ = {isa = PBXBuildFile; fileRef = 124265612120AFB800AD6BDD /* NotificationHelper.swift */; };
		510D87C120E9CEA7004E9472 /* Reachability.swift in Sources */ = {isa = PBXBuildFile; fileRef = 510D87C020E9CEA7004E9472 /* Reachability.swift */; };
		5189BA3F20F30F950027576B /* FoodViewController.swift in Sources */ = {isa = PBXBuildFile; fileRef = 5189BA3E20F30F950027576B /* FoodViewController.swift */; };
		5189BA4120F30FEE0027576B /* FoodCollectionViewCell.swift in Sources */ = {isa = PBXBuildFile; fileRef = 5189BA4020F30FEE0027576B /* FoodCollectionViewCell.swift */; };
		5189BA4320FA4A3C0027576B /* FoodDetailViewController.swift in Sources */ = {isa = PBXBuildFile; fileRef = 5189BA4220FA4A3C0027576B /* FoodDetailViewController.swift */; };
		5189BA4420FC69A80027576B /* Assets.xcassets in Resources */ = {isa = PBXBuildFile; fileRef = 51B8C5352084204E00FD5358 /* Assets.xcassets */; };
		519DA0EF20D25C73002A43A7 /* BMLabel.swift in Sources */ = {isa = PBXBuildFile; fileRef = 519DA0EE20D25C73002A43A7 /* BMLabel.swift */; };
		519DA0F020D4A7A2002A43A7 /* Assets.xcassets in Resources */ = {isa = PBXBuildFile; fileRef = 51B8C5352084204E00FD5358 /* Assets.xcassets */; };
		51B71A4320B7A4F20073DB3D /* HomeViewController.swift in Sources */ = {isa = PBXBuildFile; fileRef = 51B71A4220B7A4F20073DB3D /* HomeViewController.swift */; };
		51B71A4620B8AD5A0073DB3D /* UtilityExtensions.swift in Sources */ = {isa = PBXBuildFile; fileRef = 51B71A4520B8AD5A0073DB3D /* UtilityExtensions.swift */; };
		51B71A4920B8B7850073DB3D /* HelperFunctions.swift in Sources */ = {isa = PBXBuildFile; fileRef = 51B71A4820B8B7850073DB3D /* HelperFunctions.swift */; };
		51B71A4B20BBCBF90073DB3D /* Cookie-Regular.ttf in Resources */ = {isa = PBXBuildFile; fileRef = 51B71A4A20BBCBF80073DB3D /* Cookie-Regular.ttf */; };
		51B71A4D20BD14660073DB3D /* HomeViewControllerTest.swift in Sources */ = {isa = PBXBuildFile; fileRef = 51B71A4C20BD14660073DB3D /* HomeViewControllerTest.swift */; };
		51B8C52F2084204D00FD5358 /* AppDelegate.swift in Sources */ = {isa = PBXBuildFile; fileRef = 51B8C52E2084204D00FD5358 /* AppDelegate.swift */; };
		51B8C5312084204D00FD5358 /* ViewController.swift in Sources */ = {isa = PBXBuildFile; fileRef = 51B8C5302084204D00FD5358 /* ViewController.swift */; };
		51B8C5342084204D00FD5358 /* Main.storyboard in Resources */ = {isa = PBXBuildFile; fileRef = 51B8C5322084204D00FD5358 /* Main.storyboard */; };
		51B8C5392084204E00FD5358 /* LaunchScreen.storyboard in Resources */ = {isa = PBXBuildFile; fileRef = 51B8C5372084204E00FD5358 /* LaunchScreen.storyboard */; };
		51B8C5442084204E00FD5358 /* BoriAndMalloryWeddingTests.swift in Sources */ = {isa = PBXBuildFile; fileRef = 51B8C5432084204E00FD5358 /* BoriAndMalloryWeddingTests.swift */; };
		51B8C54F2084204E00FD5358 /* BoriAndMalloryWeddingUITests.swift in Sources */ = {isa = PBXBuildFile; fileRef = 51B8C54E2084204E00FD5358 /* BoriAndMalloryWeddingUITests.swift */; };
		51B8C55F2084208500FD5358 /* Satisfy-Regular.ttf in Resources */ = {isa = PBXBuildFile; fileRef = 51B8C55E2084208500FD5358 /* Satisfy-Regular.ttf */; };
		51B8C5622084218400FD5358 /* MeriendaOne-Regular.ttf in Resources */ = {isa = PBXBuildFile; fileRef = 51B8C5612084218400FD5358 /* MeriendaOne-Regular.ttf */; };
		51B8C563208421F400FD5358 /* GreatVibes-Regular.ttf in Resources */ = {isa = PBXBuildFile; fileRef = 51B8C560208420C100FD5358 /* GreatVibes-Regular.ttf */; };
		51E66DDE20BFC503002DFAD1 /* GradientView.swift in Sources */ = {isa = PBXBuildFile; fileRef = 51E66DDD20BFC503002DFAD1 /* GradientView.swift */; };
		51E66DE020BFCAC2002DFAD1 /* BMView.swift in Sources */ = {isa = PBXBuildFile; fileRef = 51E66DDF20BFCAC2002DFAD1 /* BMView.swift */; };
		51E66DE220C4D090002DFAD1 /* ScheduleViewController.swift in Sources */ = {isa = PBXBuildFile; fileRef = 51E66DE120C4D090002DFAD1 /* ScheduleViewController.swift */; };
		51EEEF3B20D5744C00E26E9F /* SeatingInfoViewController.swift in Sources */ = {isa = PBXBuildFile; fileRef = 51EEEF3A20D5744C00E26E9F /* SeatingInfoViewController.swift */; };
		51EEEF3D20D5D64700E26E9F /* SeatingInfoTableViewCell.swift in Sources */ = {isa = PBXBuildFile; fileRef = 51EEEF3C20D5D64700E26E9F /* SeatingInfoTableViewCell.swift */; };
		51EEEF3F20D5F71400E26E9F /* DataModel.swift in Sources */ = {isa = PBXBuildFile; fileRef = 51EEEF3E20D5F71400E26E9F /* DataModel.swift */; };
		EDDB734920DB453100F342BF /* SeatingInfoDataController.swift in Sources */ = {isa = PBXBuildFile; fileRef = EDDB734820DB453100F342BF /* SeatingInfoDataController.swift */; };
/* End PBXBuildFile section */

/* Begin PBXContainerItemProxy section */
		51B8C5402084204E00FD5358 /* PBXContainerItemProxy */ = {
			isa = PBXContainerItemProxy;
			containerPortal = 51B8C5232084204C00FD5358 /* Project object */;
			proxyType = 1;
			remoteGlobalIDString = 51B8C52A2084204D00FD5358;
			remoteInfo = BoriAndMalloryWedding;
		};
		51B8C54B2084204E00FD5358 /* PBXContainerItemProxy */ = {
			isa = PBXContainerItemProxy;
			containerPortal = 51B8C5232084204C00FD5358 /* Project object */;
			proxyType = 1;
			remoteGlobalIDString = 51B8C52A2084204D00FD5358;
			remoteInfo = BoriAndMalloryWedding;
		};
/* End PBXContainerItemProxy section */

/* Begin PBXFileReference section */
		1242655F2120A51B00AD6BDD /* NotificationDetail.swift */ = {isa = PBXFileReference; lastKnownFileType = sourcecode.swift; path = NotificationDetail.swift; sourceTree = "<group>"; };
		124265612120AFB800AD6BDD /* NotificationHelper.swift */ = {isa = PBXFileReference; lastKnownFileType = sourcecode.swift; path = NotificationHelper.swift; sourceTree = "<group>"; };
		510D87C020E9CEA7004E9472 /* Reachability.swift */ = {isa = PBXFileReference; lastKnownFileType = sourcecode.swift; path = Reachability.swift; sourceTree = "<group>"; };
		5189BA3E20F30F950027576B /* FoodViewController.swift */ = {isa = PBXFileReference; lastKnownFileType = sourcecode.swift; path = FoodViewController.swift; sourceTree = "<group>"; };
		5189BA4020F30FEE0027576B /* FoodCollectionViewCell.swift */ = {isa = PBXFileReference; lastKnownFileType = sourcecode.swift; path = FoodCollectionViewCell.swift; sourceTree = "<group>"; };
		5189BA4220FA4A3C0027576B /* FoodDetailViewController.swift */ = {isa = PBXFileReference; lastKnownFileType = sourcecode.swift; path = FoodDetailViewController.swift; sourceTree = "<group>"; };
		519DA0EE20D25C73002A43A7 /* BMLabel.swift */ = {isa = PBXFileReference; lastKnownFileType = sourcecode.swift; path = BMLabel.swift; sourceTree = "<group>"; };
		51B71A4220B7A4F20073DB3D /* HomeViewController.swift */ = {isa = PBXFileReference; lastKnownFileType = sourcecode.swift; path = HomeViewController.swift; sourceTree = "<group>"; };
		51B71A4520B8AD5A0073DB3D /* UtilityExtensions.swift */ = {isa = PBXFileReference; lastKnownFileType = sourcecode.swift; path = UtilityExtensions.swift; sourceTree = "<group>"; };
		51B71A4820B8B7850073DB3D /* HelperFunctions.swift */ = {isa = PBXFileReference; lastKnownFileType = sourcecode.swift; path = HelperFunctions.swift; sourceTree = "<group>"; };
		51B71A4A20BBCBF80073DB3D /* Cookie-Regular.ttf */ = {isa = PBXFileReference; lastKnownFileType = file; path = "Cookie-Regular.ttf"; sourceTree = "<group>"; };
		51B71A4C20BD14660073DB3D /* HomeViewControllerTest.swift */ = {isa = PBXFileReference; lastKnownFileType = sourcecode.swift; path = HomeViewControllerTest.swift; sourceTree = "<group>"; };
		51B8C52B2084204D00FD5358 /* BoriAndMalloryWedding.app */ = {isa = PBXFileReference; explicitFileType = wrapper.application; includeInIndex = 0; path = BoriAndMalloryWedding.app; sourceTree = BUILT_PRODUCTS_DIR; };
		51B8C52E2084204D00FD5358 /* AppDelegate.swift */ = {isa = PBXFileReference; lastKnownFileType = sourcecode.swift; path = AppDelegate.swift; sourceTree = "<group>"; };
		51B8C5302084204D00FD5358 /* ViewController.swift */ = {isa = PBXFileReference; lastKnownFileType = sourcecode.swift; path = ViewController.swift; sourceTree = "<group>"; };
		51B8C5332084204D00FD5358 /* Base */ = {isa = PBXFileReference; lastKnownFileType = file.storyboard; name = Base; path = Base.lproj/Main.storyboard; sourceTree = "<group>"; };
		51B8C5352084204E00FD5358 /* Assets.xcassets */ = {isa = PBXFileReference; lastKnownFileType = folder.assetcatalog; path = Assets.xcassets; sourceTree = "<group>"; };
		51B8C5382084204E00FD5358 /* Base */ = {isa = PBXFileReference; lastKnownFileType = file.storyboard; name = Base; path = Base.lproj/LaunchScreen.storyboard; sourceTree = "<group>"; };
		51B8C53A2084204E00FD5358 /* Info.plist */ = {isa = PBXFileReference; lastKnownFileType = text.plist.xml; path = Info.plist; sourceTree = "<group>"; };
		51B8C53F2084204E00FD5358 /* BoriAndMalloryWeddingTests.xctest */ = {isa = PBXFileReference; explicitFileType = wrapper.cfbundle; includeInIndex = 0; path = BoriAndMalloryWeddingTests.xctest; sourceTree = BUILT_PRODUCTS_DIR; };
		51B8C5432084204E00FD5358 /* BoriAndMalloryWeddingTests.swift */ = {isa = PBXFileReference; lastKnownFileType = sourcecode.swift; path = BoriAndMalloryWeddingTests.swift; sourceTree = "<group>"; };
		51B8C5452084204E00FD5358 /* Info.plist */ = {isa = PBXFileReference; lastKnownFileType = text.plist.xml; path = Info.plist; sourceTree = "<group>"; };
		51B8C54A2084204E00FD5358 /* BoriAndMalloryWeddingUITests.xctest */ = {isa = PBXFileReference; explicitFileType = wrapper.cfbundle; includeInIndex = 0; path = BoriAndMalloryWeddingUITests.xctest; sourceTree = BUILT_PRODUCTS_DIR; };
		51B8C54E2084204E00FD5358 /* BoriAndMalloryWeddingUITests.swift */ = {isa = PBXFileReference; lastKnownFileType = sourcecode.swift; path = BoriAndMalloryWeddingUITests.swift; sourceTree = "<group>"; };
		51B8C5502084204E00FD5358 /* Info.plist */ = {isa = PBXFileReference; lastKnownFileType = text.plist.xml; path = Info.plist; sourceTree = "<group>"; };
		51B8C55E2084208500FD5358 /* Satisfy-Regular.ttf */ = {isa = PBXFileReference; lastKnownFileType = file; path = "Satisfy-Regular.ttf"; sourceTree = "<group>"; };
		51B8C560208420C100FD5358 /* GreatVibes-Regular.ttf */ = {isa = PBXFileReference; lastKnownFileType = file; path = "GreatVibes-Regular.ttf"; sourceTree = "<group>"; };
		51B8C5612084218400FD5358 /* MeriendaOne-Regular.ttf */ = {isa = PBXFileReference; lastKnownFileType = file; path = "MeriendaOne-Regular.ttf"; sourceTree = "<group>"; };
		51E66DDD20BFC503002DFAD1 /* GradientView.swift */ = {isa = PBXFileReference; lastKnownFileType = sourcecode.swift; path = GradientView.swift; sourceTree = "<group>"; };
		51E66DDF20BFCAC2002DFAD1 /* BMView.swift */ = {isa = PBXFileReference; lastKnownFileType = sourcecode.swift; path = BMView.swift; sourceTree = "<group>"; };
		51E66DE120C4D090002DFAD1 /* ScheduleViewController.swift */ = {isa = PBXFileReference; lastKnownFileType = sourcecode.swift; path = ScheduleViewController.swift; sourceTree = "<group>"; };
		51EEEF3A20D5744C00E26E9F /* SeatingInfoViewController.swift */ = {isa = PBXFileReference; lastKnownFileType = sourcecode.swift; path = SeatingInfoViewController.swift; sourceTree = "<group>"; };
		51EEEF3C20D5D64700E26E9F /* SeatingInfoTableViewCell.swift */ = {isa = PBXFileReference; lastKnownFileType = sourcecode.swift; path = SeatingInfoTableViewCell.swift; sourceTree = "<group>"; };
		51EEEF3E20D5F71400E26E9F /* DataModel.swift */ = {isa = PBXFileReference; lastKnownFileType = sourcecode.swift; path = DataModel.swift; sourceTree = "<group>"; };
		EDDB734820DB453100F342BF /* SeatingInfoDataController.swift */ = {isa = PBXFileReference; lastKnownFileType = sourcecode.swift; path = SeatingInfoDataController.swift; sourceTree = "<group>"; };
/* End PBXFileReference section */

/* Begin PBXFrameworksBuildPhase section */
		51B8C5282084204D00FD5358 /* Frameworks */ = {
			isa = PBXFrameworksBuildPhase;
			buildActionMask = 2147483647;
			files = (
			);
			runOnlyForDeploymentPostprocessing = 0;
		};
		51B8C53C2084204E00FD5358 /* Frameworks */ = {
			isa = PBXFrameworksBuildPhase;
			buildActionMask = 2147483647;
			files = (
			);
			runOnlyForDeploymentPostprocessing = 0;
		};
		51B8C5472084204E00FD5358 /* Frameworks */ = {
			isa = PBXFrameworksBuildPhase;
			buildActionMask = 2147483647;
			files = (
			);
			runOnlyForDeploymentPostprocessing = 0;
		};
/* End PBXFrameworksBuildPhase section */

/* Begin PBXGroup section */
		1242655E2120A4B900AD6BDD /* Models */ = {
			isa = PBXGroup;
			children = (
				51EEEF3E20D5F71400E26E9F /* DataModel.swift */,
				1242655F2120A51B00AD6BDD /* NotificationDetail.swift */,
			);
			path = Models;
			sourceTree = "<group>";
		};
		5150865020B8C6800084D15C /* ViewControllers */ = {
			isa = PBXGroup;
			children = (
				51B71A4220B7A4F20073DB3D /* HomeViewController.swift */,
				51B8C5302084204D00FD5358 /* ViewController.swift */,
				51E66DE120C4D090002DFAD1 /* ScheduleViewController.swift */,
				51EEEF3A20D5744C00E26E9F /* SeatingInfoViewController.swift */,
				5189BA3E20F30F950027576B /* FoodViewController.swift */,
				5189BA4220FA4A3C0027576B /* FoodDetailViewController.swift */,
			);
			path = ViewControllers;
			sourceTree = "<group>";
		};
		51B71A4420B8AD190073DB3D /* Extensions */ = {
			isa = PBXGroup;
			children = (
				51B71A4520B8AD5A0073DB3D /* UtilityExtensions.swift */,
			);
			path = Extensions;
			sourceTree = "<group>";
		};
		51B71A4720B8B7670073DB3D /* Utilities */ = {
			isa = PBXGroup;
			children = (
				51B71A4820B8B7850073DB3D /* HelperFunctions.swift */,
				EDDB734820DB453100F342BF /* SeatingInfoDataController.swift */,
				510D87C020E9CEA7004E9472 /* Reachability.swift */,
				124265612120AFB800AD6BDD /* NotificationHelper.swift */,
			);
			path = Utilities;
			sourceTree = "<group>";
		};
		51B8C5222084204C00FD5358 = {
			isa = PBXGroup;
			children = (
				51B8C55C2084206300FD5358 /* Resources */,
				51B8C52D2084204D00FD5358 /* BoriAndMalloryWedding */,
				51B8C5422084204E00FD5358 /* BoriAndMalloryWeddingTests */,
				51B8C54D2084204E00FD5358 /* BoriAndMalloryWeddingUITests */,
				51B8C52C2084204D00FD5358 /* Products */,
			);
			sourceTree = "<group>";
		};
		51B8C52C2084204D00FD5358 /* Products */ = {
			isa = PBXGroup;
			children = (
				51B8C52B2084204D00FD5358 /* BoriAndMalloryWedding.app */,
				51B8C53F2084204E00FD5358 /* BoriAndMalloryWeddingTests.xctest */,
				51B8C54A2084204E00FD5358 /* BoriAndMalloryWeddingUITests.xctest */,
			);
			name = Products;
			sourceTree = "<group>";
		};
		51B8C52D2084204D00FD5358 /* BoriAndMalloryWedding */ = {
			isa = PBXGroup;
			children = (
				51E66DDC20BFC4B9002DFAD1 /* Views */,
				5150865020B8C6800084D15C /* ViewControllers */,
				51B71A4720B8B7670073DB3D /* Utilities */,
				51B71A4420B8AD190073DB3D /* Extensions */,
				1242655E2120A4B900AD6BDD /* Models */,
				51B8C52E2084204D00FD5358 /* AppDelegate.swift */,
				51B8C5322084204D00FD5358 /* Main.storyboard */,
				51B8C5352084204E00FD5358 /* Assets.xcassets */,
				51B8C5372084204E00FD5358 /* LaunchScreen.storyboard */,
				51B8C53A2084204E00FD5358 /* Info.plist */,
			);
			path = BoriAndMalloryWedding;
			sourceTree = "<group>";
		};
		51B8C5422084204E00FD5358 /* BoriAndMalloryWeddingTests */ = {
			isa = PBXGroup;
			children = (
				51B8C5432084204E00FD5358 /* BoriAndMalloryWeddingTests.swift */,
				51B8C5452084204E00FD5358 /* Info.plist */,
			);
			path = BoriAndMalloryWeddingTests;
			sourceTree = "<group>";
		};
		51B8C54D2084204E00FD5358 /* BoriAndMalloryWeddingUITests */ = {
			isa = PBXGroup;
			children = (
				51B8C54E2084204E00FD5358 /* BoriAndMalloryWeddingUITests.swift */,
				51B8C5502084204E00FD5358 /* Info.plist */,
				51B71A4C20BD14660073DB3D /* HomeViewControllerTest.swift */,
			);
			path = BoriAndMalloryWeddingUITests;
			sourceTree = "<group>";
		};
		51B8C55C2084206300FD5358 /* Resources */ = {
			isa = PBXGroup;
			children = (
				51B8C55D2084206E00FD5358 /* Fonts */,
			);
			path = Resources;
			sourceTree = "<group>";
		};
		51B8C55D2084206E00FD5358 /* Fonts */ = {
			isa = PBXGroup;
			children = (
				51B71A4A20BBCBF80073DB3D /* Cookie-Regular.ttf */,
				51B8C5612084218400FD5358 /* MeriendaOne-Regular.ttf */,
				51B8C560208420C100FD5358 /* GreatVibes-Regular.ttf */,
				51B8C55E2084208500FD5358 /* Satisfy-Regular.ttf */,
			);
			path = Fonts;
			sourceTree = "<group>";
		};
		51E66DDC20BFC4B9002DFAD1 /* Views */ = {
			isa = PBXGroup;
			children = (
				51E66DDD20BFC503002DFAD1 /* GradientView.swift */,
				51E66DDF20BFCAC2002DFAD1 /* BMView.swift */,
				519DA0EE20D25C73002A43A7 /* BMLabel.swift */,
				51EEEF3C20D5D64700E26E9F /* SeatingInfoTableViewCell.swift */,
				5189BA4020F30FEE0027576B /* FoodCollectionViewCell.swift */,
			);
			path = Views;
			sourceTree = "<group>";
		};
/* End PBXGroup section */

/* Begin PBXNativeTarget section */
		51B8C52A2084204D00FD5358 /* BoriAndMalloryWedding */ = {
			isa = PBXNativeTarget;
			buildConfigurationList = 51B8C5532084204E00FD5358 /* Build configuration list for PBXNativeTarget "BoriAndMalloryWedding" */;
			buildPhases = (
				51B8C5272084204D00FD5358 /* Sources */,
				51B8C5282084204D00FD5358 /* Frameworks */,
				51B8C5292084204D00FD5358 /* Resources */,
				51B71A4E20BD1A600073DB3D /* ShellScript */,
			);
			buildRules = (
			);
			dependencies = (
			);
			name = BoriAndMalloryWedding;
			productName = BoriAndMalloryWedding;
			productReference = 51B8C52B2084204D00FD5358 /* BoriAndMalloryWedding.app */;
			productType = "com.apple.product-type.application";
		};
		51B8C53E2084204E00FD5358 /* BoriAndMalloryWeddingTests */ = {
			isa = PBXNativeTarget;
			buildConfigurationList = 51B8C5562084204E00FD5358 /* Build configuration list for PBXNativeTarget "BoriAndMalloryWeddingTests" */;
			buildPhases = (
				51B8C53B2084204E00FD5358 /* Sources */,
				51B8C53C2084204E00FD5358 /* Frameworks */,
				51B8C53D2084204E00FD5358 /* Resources */,
			);
			buildRules = (
			);
			dependencies = (
				51B8C5412084204E00FD5358 /* PBXTargetDependency */,
			);
			name = BoriAndMalloryWeddingTests;
			productName = BoriAndMalloryWeddingTests;
			productReference = 51B8C53F2084204E00FD5358 /* BoriAndMalloryWeddingTests.xctest */;
			productType = "com.apple.product-type.bundle.unit-test";
		};
		51B8C5492084204E00FD5358 /* BoriAndMalloryWeddingUITests */ = {
			isa = PBXNativeTarget;
			buildConfigurationList = 51B8C5592084204E00FD5358 /* Build configuration list for PBXNativeTarget "BoriAndMalloryWeddingUITests" */;
			buildPhases = (
				51B8C5462084204E00FD5358 /* Sources */,
				51B8C5472084204E00FD5358 /* Frameworks */,
				51B8C5482084204E00FD5358 /* Resources */,
			);
			buildRules = (
			);
			dependencies = (
				51B8C54C2084204E00FD5358 /* PBXTargetDependency */,
			);
			name = BoriAndMalloryWeddingUITests;
			productName = BoriAndMalloryWeddingUITests;
			productReference = 51B8C54A2084204E00FD5358 /* BoriAndMalloryWeddingUITests.xctest */;
			productType = "com.apple.product-type.bundle.ui-testing";
		};
/* End PBXNativeTarget section */

/* Begin PBXProject section */
		51B8C5232084204C00FD5358 /* Project object */ = {
			isa = PBXProject;
			attributes = {
				LastSwiftUpdateCheck = 0930;
				LastUpgradeCheck = 0930;
				ORGANIZATIONNAME = borikanes;
				TargetAttributes = {
					51B8C52A2084204D00FD5358 = {
						CreatedOnToolsVersion = 9.3;
					};
					51B8C53E2084204E00FD5358 = {
						CreatedOnToolsVersion = 9.3;
						TestTargetID = 51B8C52A2084204D00FD5358;
					};
					51B8C5492084204E00FD5358 = {
						CreatedOnToolsVersion = 9.3;
						TestTargetID = 51B8C52A2084204D00FD5358;
					};
				};
			};
			buildConfigurationList = 51B8C5262084204C00FD5358 /* Build configuration list for PBXProject "BoriAndMalloryWedding" */;
			compatibilityVersion = "Xcode 9.3";
			developmentRegion = en;
			hasScannedForEncodings = 0;
			knownRegions = (
				en,
				Base,
			);
			mainGroup = 51B8C5222084204C00FD5358;
			productRefGroup = 51B8C52C2084204D00FD5358 /* Products */;
			projectDirPath = "";
			projectRoot = "";
			targets = (
				51B8C52A2084204D00FD5358 /* BoriAndMalloryWedding */,
				51B8C53E2084204E00FD5358 /* BoriAndMalloryWeddingTests */,
				51B8C5492084204E00FD5358 /* BoriAndMalloryWeddingUITests */,
			);
		};
/* End PBXProject section */

/* Begin PBXResourcesBuildPhase section */
		51B8C5292084204D00FD5358 /* Resources */ = {
			isa = PBXResourcesBuildPhase;
			buildActionMask = 2147483647;
			files = (
				51B8C563208421F400FD5358 /* GreatVibes-Regular.ttf in Resources */,
				51B8C5622084218400FD5358 /* MeriendaOne-Regular.ttf in Resources */,
				51B71A4B20BBCBF90073DB3D /* Cookie-Regular.ttf in Resources */,
				51B8C5392084204E00FD5358 /* LaunchScreen.storyboard in Resources */,
				519DA0F020D4A7A2002A43A7 /* Assets.xcassets in Resources */,
				51B8C55F2084208500FD5358 /* Satisfy-Regular.ttf in Resources */,
				51B8C5342084204D00FD5358 /* Main.storyboard in Resources */,
			);
			runOnlyForDeploymentPostprocessing = 0;
		};
		51B8C53D2084204E00FD5358 /* Resources */ = {
			isa = PBXResourcesBuildPhase;
			buildActionMask = 2147483647;
			files = (
				5189BA4420FC69A80027576B /* Assets.xcassets in Resources */,
			);
			runOnlyForDeploymentPostprocessing = 0;
		};
		51B8C5482084204E00FD5358 /* Resources */ = {
			isa = PBXResourcesBuildPhase;
			buildActionMask = 2147483647;
			files = (
			);
			runOnlyForDeploymentPostprocessing = 0;
		};
/* End PBXResourcesBuildPhase section */

/* Begin PBXShellScriptBuildPhase section */
		51B71A4E20BD1A600073DB3D /* ShellScript */ = {
			isa = PBXShellScriptBuildPhase;
			buildActionMask = 2147483647;
			files = (
			);
			inputPaths = (
			);
			outputPaths = (
			);
			runOnlyForDeploymentPostprocessing = 0;
			shellPath = /bin/sh;
			shellScript = "if which swiftlint >/dev/null; then\n    swiftlint\nelse\n    echo \"warning: SwiftLint not installed, download from https://github.com/realm/SwiftLint\"\nfi\n";
		};
/* End PBXShellScriptBuildPhase section */

/* Begin PBXSourcesBuildPhase section */
		51B8C5272084204D00FD5358 /* Sources */ = {
			isa = PBXSourcesBuildPhase;
			buildActionMask = 2147483647;
			files = (
				510D87C120E9CEA7004E9472 /* Reachability.swift in Sources */,
				5189BA3F20F30F950027576B /* FoodViewController.swift in Sources */,
				51B71A4920B8B7850073DB3D /* HelperFunctions.swift in Sources */,
				519DA0EF20D25C73002A43A7 /* BMLabel.swift in Sources */,
				124265602120A51B00AD6BDD /* NotificationDetail.swift in Sources */,
				5189BA4320FA4A3C0027576B /* FoodDetailViewController.swift in Sources */,
				51B8C5312084204D00FD5358 /* ViewController.swift in Sources */,
				EDDB734920DB453100F342BF /* SeatingInfoDataController.swift in Sources */,
				5189BA4120F30FEE0027576B /* FoodCollectionViewCell.swift in Sources */,
				51E66DDE20BFC503002DFAD1 /* GradientView.swift in Sources */,
				51EEEF3D20D5D64700E26E9F /* SeatingInfoTableViewCell.swift in Sources */,
				51EEEF3F20D5F71400E26E9F /* DataModel.swift in Sources */,
				51E66DE220C4D090002DFAD1 /* ScheduleViewController.swift in Sources */,
				51E66DE020BFCAC2002DFAD1 /* BMView.swift in Sources */,
				51B8C52F2084204D00FD5358 /* AppDelegate.swift in Sources */,
				51B71A4620B8AD5A0073DB3D /* UtilityExtensions.swift in Sources */,
				124265622120AFB800AD6BDD /* NotificationHelper.swift in Sources */,
				51EEEF3B20D5744C00E26E9F /* SeatingInfoViewController.swift in Sources */,
				51B71A4320B7A4F20073DB3D /* HomeViewController.swift in Sources */,
			);
			runOnlyForDeploymentPostprocessing = 0;
		};
		51B8C53B2084204E00FD5358 /* Sources */ = {
			isa = PBXSourcesBuildPhase;
			buildActionMask = 2147483647;
			files = (
				51B8C5442084204E00FD5358 /* BoriAndMalloryWeddingTests.swift in Sources */,
			);
			runOnlyForDeploymentPostprocessing = 0;
		};
		51B8C5462084204E00FD5358 /* Sources */ = {
			isa = PBXSourcesBuildPhase;
			buildActionMask = 2147483647;
			files = (
				51B8C54F2084204E00FD5358 /* BoriAndMalloryWeddingUITests.swift in Sources */,
				51B71A4D20BD14660073DB3D /* HomeViewControllerTest.swift in Sources */,
			);
			runOnlyForDeploymentPostprocessing = 0;
		};
/* End PBXSourcesBuildPhase section */

/* Begin PBXTargetDependency section */
		51B8C5412084204E00FD5358 /* PBXTargetDependency */ = {
			isa = PBXTargetDependency;
			target = 51B8C52A2084204D00FD5358 /* BoriAndMalloryWedding */;
			targetProxy = 51B8C5402084204E00FD5358 /* PBXContainerItemProxy */;
		};
		51B8C54C2084204E00FD5358 /* PBXTargetDependency */ = {
			isa = PBXTargetDependency;
			target = 51B8C52A2084204D00FD5358 /* BoriAndMalloryWedding */;
			targetProxy = 51B8C54B2084204E00FD5358 /* PBXContainerItemProxy */;
		};
/* End PBXTargetDependency section */

/* Begin PBXVariantGroup section */
		51B8C5322084204D00FD5358 /* Main.storyboard */ = {
			isa = PBXVariantGroup;
			children = (
				51B8C5332084204D00FD5358 /* Base */,
			);
			name = Main.storyboard;
			sourceTree = "<group>";
		};
		51B8C5372084204E00FD5358 /* LaunchScreen.storyboard */ = {
			isa = PBXVariantGroup;
			children = (
				51B8C5382084204E00FD5358 /* Base */,
			);
			name = LaunchScreen.storyboard;
			sourceTree = "<group>";
		};
/* End PBXVariantGroup section */

/* Begin XCBuildConfiguration section */
		51B8C5512084204E00FD5358 /* Debug */ = {
			isa = XCBuildConfiguration;
			buildSettings = {
				ALWAYS_SEARCH_USER_PATHS = NO;
				CLANG_ANALYZER_NONNULL = YES;
				CLANG_ANALYZER_NUMBER_OBJECT_CONVERSION = YES_AGGRESSIVE;
				CLANG_CXX_LANGUAGE_STANDARD = "gnu++14";
				CLANG_CXX_LIBRARY = "libc++";
				CLANG_ENABLE_MODULES = YES;
				CLANG_ENABLE_OBJC_ARC = YES;
				CLANG_ENABLE_OBJC_WEAK = YES;
				CLANG_WARN_BLOCK_CAPTURE_AUTORELEASING = YES;
				CLANG_WARN_BOOL_CONVERSION = YES;
				CLANG_WARN_COMMA = YES;
				CLANG_WARN_CONSTANT_CONVERSION = YES;
				CLANG_WARN_DEPRECATED_OBJC_IMPLEMENTATIONS = YES;
				CLANG_WARN_DIRECT_OBJC_ISA_USAGE = YES_ERROR;
				CLANG_WARN_DOCUMENTATION_COMMENTS = YES;
				CLANG_WARN_EMPTY_BODY = YES;
				CLANG_WARN_ENUM_CONVERSION = YES;
				CLANG_WARN_INFINITE_RECURSION = YES;
				CLANG_WARN_INT_CONVERSION = YES;
				CLANG_WARN_NON_LITERAL_NULL_CONVERSION = YES;
				CLANG_WARN_OBJC_IMPLICIT_RETAIN_SELF = YES;
				CLANG_WARN_OBJC_LITERAL_CONVERSION = YES;
				CLANG_WARN_OBJC_ROOT_CLASS = YES_ERROR;
				CLANG_WARN_RANGE_LOOP_ANALYSIS = YES;
				CLANG_WARN_STRICT_PROTOTYPES = YES;
				CLANG_WARN_SUSPICIOUS_MOVE = YES;
				CLANG_WARN_UNGUARDED_AVAILABILITY = YES_AGGRESSIVE;
				CLANG_WARN_UNREACHABLE_CODE = YES;
				CLANG_WARN__DUPLICATE_METHOD_MATCH = YES;
				CODE_SIGN_IDENTITY = "iPhone Developer";
				COPY_PHASE_STRIP = NO;
				DEBUG_INFORMATION_FORMAT = dwarf;
				ENABLE_STRICT_OBJC_MSGSEND = YES;
				ENABLE_TESTABILITY = YES;
				GCC_C_LANGUAGE_STANDARD = gnu11;
				GCC_DYNAMIC_NO_PIC = NO;
				GCC_NO_COMMON_BLOCKS = YES;
				GCC_OPTIMIZATION_LEVEL = 0;
				GCC_PREPROCESSOR_DEFINITIONS = (
					"DEBUG=1",
					"$(inherited)",
				);
				GCC_WARN_64_TO_32_BIT_CONVERSION = YES;
				GCC_WARN_ABOUT_RETURN_TYPE = YES_ERROR;
				GCC_WARN_UNDECLARED_SELECTOR = YES;
				GCC_WARN_UNINITIALIZED_AUTOS = YES_AGGRESSIVE;
				GCC_WARN_UNUSED_FUNCTION = YES;
				GCC_WARN_UNUSED_VARIABLE = YES;
				IPHONEOS_DEPLOYMENT_TARGET = 11.3;
				MTL_ENABLE_DEBUG_INFO = YES;
				ONLY_ACTIVE_ARCH = YES;
				SDKROOT = iphoneos;
				SWIFT_ACTIVE_COMPILATION_CONDITIONS = DEBUG;
				SWIFT_OPTIMIZATION_LEVEL = "-Onone";
			};
			name = Debug;
		};
		51B8C5522084204E00FD5358 /* Release */ = {
			isa = XCBuildConfiguration;
			buildSettings = {
				ALWAYS_SEARCH_USER_PATHS = NO;
				CLANG_ANALYZER_NONNULL = YES;
				CLANG_ANALYZER_NUMBER_OBJECT_CONVERSION = YES_AGGRESSIVE;
				CLANG_CXX_LANGUAGE_STANDARD = "gnu++14";
				CLANG_CXX_LIBRARY = "libc++";
				CLANG_ENABLE_MODULES = YES;
				CLANG_ENABLE_OBJC_ARC = YES;
				CLANG_ENABLE_OBJC_WEAK = YES;
				CLANG_WARN_BLOCK_CAPTURE_AUTORELEASING = YES;
				CLANG_WARN_BOOL_CONVERSION = YES;
				CLANG_WARN_COMMA = YES;
				CLANG_WARN_CONSTANT_CONVERSION = YES;
				CLANG_WARN_DEPRECATED_OBJC_IMPLEMENTATIONS = YES;
				CLANG_WARN_DIRECT_OBJC_ISA_USAGE = YES_ERROR;
				CLANG_WARN_DOCUMENTATION_COMMENTS = YES;
				CLANG_WARN_EMPTY_BODY = YES;
				CLANG_WARN_ENUM_CONVERSION = YES;
				CLANG_WARN_INFINITE_RECURSION = YES;
				CLANG_WARN_INT_CONVERSION = YES;
				CLANG_WARN_NON_LITERAL_NULL_CONVERSION = YES;
				CLANG_WARN_OBJC_IMPLICIT_RETAIN_SELF = YES;
				CLANG_WARN_OBJC_LITERAL_CONVERSION = YES;
				CLANG_WARN_OBJC_ROOT_CLASS = YES_ERROR;
				CLANG_WARN_RANGE_LOOP_ANALYSIS = YES;
				CLANG_WARN_STRICT_PROTOTYPES = YES;
				CLANG_WARN_SUSPICIOUS_MOVE = YES;
				CLANG_WARN_UNGUARDED_AVAILABILITY = YES_AGGRESSIVE;
				CLANG_WARN_UNREACHABLE_CODE = YES;
				CLANG_WARN__DUPLICATE_METHOD_MATCH = YES;
				CODE_SIGN_IDENTITY = "iPhone Developer";
				COPY_PHASE_STRIP = NO;
				DEBUG_INFORMATION_FORMAT = "dwarf-with-dsym";
				ENABLE_NS_ASSERTIONS = NO;
				ENABLE_STRICT_OBJC_MSGSEND = YES;
				GCC_C_LANGUAGE_STANDARD = gnu11;
				GCC_NO_COMMON_BLOCKS = YES;
				GCC_WARN_64_TO_32_BIT_CONVERSION = YES;
				GCC_WARN_ABOUT_RETURN_TYPE = YES_ERROR;
				GCC_WARN_UNDECLARED_SELECTOR = YES;
				GCC_WARN_UNINITIALIZED_AUTOS = YES_AGGRESSIVE;
				GCC_WARN_UNUSED_FUNCTION = YES;
				GCC_WARN_UNUSED_VARIABLE = YES;
				IPHONEOS_DEPLOYMENT_TARGET = 11.3;
				MTL_ENABLE_DEBUG_INFO = NO;
				SDKROOT = iphoneos;
				SWIFT_COMPILATION_MODE = wholemodule;
				SWIFT_OPTIMIZATION_LEVEL = "-O";
				VALIDATE_PRODUCT = YES;
			};
			name = Release;
		};
		51B8C5542084204E00FD5358 /* Debug */ = {
			isa = XCBuildConfiguration;
			buildSettings = {
				ASSETCATALOG_COMPILER_APPICON_NAME = AppIcon;
				CODE_SIGN_STYLE = Automatic;
				DEVELOPMENT_TEAM = T7QPKHCCQP;
				INFOPLIST_FILE = BoriAndMalloryWedding/Info.plist;
				LD_RUNPATH_SEARCH_PATHS = (
					"$(inherited)",
					"@executable_path/Frameworks",
				);
				PRODUCT_BUNDLE_IDENTIFIER = me.chris.BoriAndMalloryWedding;
				PRODUCT_NAME = "$(TARGET_NAME)";
				SWIFT_VERSION = 4.0;
				TARGETED_DEVICE_FAMILY = "1,2";
			};
			name = Debug;
		};
		51B8C5552084204E00FD5358 /* Release */ = {
			isa = XCBuildConfiguration;
			buildSettings = {
				ASSETCATALOG_COMPILER_APPICON_NAME = AppIcon;
				CODE_SIGN_STYLE = Automatic;
				DEVELOPMENT_TEAM = T7QPKHCCQP;
				INFOPLIST_FILE = BoriAndMalloryWedding/Info.plist;
				LD_RUNPATH_SEARCH_PATHS = (
					"$(inherited)",
					"@executable_path/Frameworks",
				);
				PRODUCT_BUNDLE_IDENTIFIER = me.chris.BoriAndMalloryWedding;
				PRODUCT_NAME = "$(TARGET_NAME)";
				SWIFT_VERSION = 4.0;
				TARGETED_DEVICE_FAMILY = "1,2";
			};
			name = Release;
		};
		51B8C5572084204E00FD5358 /* Debug */ = {
			isa = XCBuildConfiguration;
			buildSettings = {
				ALWAYS_EMBED_SWIFT_STANDARD_LIBRARIES = YES;
				BUNDLE_LOADER = "$(TEST_HOST)";
				CODE_SIGN_STYLE = Automatic;
				DEVELOPMENT_TEAM = 7B6H8LADVH;
				INFOPLIST_FILE = BoriAndMalloryWeddingTests/Info.plist;
				LD_RUNPATH_SEARCH_PATHS = (
					"$(inherited)",
					"@executable_path/Frameworks",
					"@loader_path/Frameworks",
				);
				PRODUCT_BUNDLE_IDENTIFIER = me.borikanes.BoriAndMalloryWeddingTests;
				PRODUCT_NAME = "$(TARGET_NAME)";
				SWIFT_VERSION = 4.0;
				TARGETED_DEVICE_FAMILY = "1,2";
				TEST_HOST = "$(BUILT_PRODUCTS_DIR)/BoriAndMalloryWedding.app/BoriAndMalloryWedding";
			};
			name = Debug;
		};
		51B8C5582084204E00FD5358 /* Release */ = {
			isa = XCBuildConfiguration;
			buildSettings = {
				ALWAYS_EMBED_SWIFT_STANDARD_LIBRARIES = YES;
				BUNDLE_LOADER = "$(TEST_HOST)";
				CODE_SIGN_STYLE = Automatic;
				DEVELOPMENT_TEAM = 7B6H8LADVH;
				INFOPLIST_FILE = BoriAndMalloryWeddingTests/Info.plist;
				LD_RUNPATH_SEARCH_PATHS = (
					"$(inherited)",
					"@executable_path/Frameworks",
					"@loader_path/Frameworks",
				);
				PRODUCT_BUNDLE_IDENTIFIER = me.borikanes.BoriAndMalloryWeddingTests;
				PRODUCT_NAME = "$(TARGET_NAME)";
				SWIFT_VERSION = 4.0;
				TARGETED_DEVICE_FAMILY = "1,2";
				TEST_HOST = "$(BUILT_PRODUCTS_DIR)/BoriAndMalloryWedding.app/BoriAndMalloryWedding";
			};
			name = Release;
		};
		51B8C55A2084204E00FD5358 /* Debug */ = {
			isa = XCBuildConfiguration;
			buildSettings = {
				ALWAYS_EMBED_SWIFT_STANDARD_LIBRARIES = YES;
				CODE_SIGN_STYLE = Automatic;
				DEVELOPMENT_TEAM = 7B6H8LADVH;
				INFOPLIST_FILE = BoriAndMalloryWeddingUITests/Info.plist;
				LD_RUNPATH_SEARCH_PATHS = (
					"$(inherited)",
					"@executable_path/Frameworks",
					"@loader_path/Frameworks",
				);
				PRODUCT_BUNDLE_IDENTIFIER = me.borikanes.BoriAndMalloryWeddingUITests;
				PRODUCT_NAME = "$(TARGET_NAME)";
				SWIFT_VERSION = 4.0;
				TARGETED_DEVICE_FAMILY = "1,2";
				TEST_TARGET_NAME = BoriAndMalloryWedding;
			};
			name = Debug;
		};
		51B8C55B2084204E00FD5358 /* Release */ = {
			isa = XCBuildConfiguration;
			buildSettings = {
				ALWAYS_EMBED_SWIFT_STANDARD_LIBRARIES = YES;
				CODE_SIGN_STYLE = Automatic;
				DEVELOPMENT_TEAM = 7B6H8LADVH;
				INFOPLIST_FILE = BoriAndMalloryWeddingUITests/Info.plist;
				LD_RUNPATH_SEARCH_PATHS = (
					"$(inherited)",
					"@executable_path/Frameworks",
					"@loader_path/Frameworks",
				);
				PRODUCT_BUNDLE_IDENTIFIER = me.borikanes.BoriAndMalloryWeddingUITests;
				PRODUCT_NAME = "$(TARGET_NAME)";
				SWIFT_VERSION = 4.0;
				TARGETED_DEVICE_FAMILY = "1,2";
				TEST_TARGET_NAME = BoriAndMalloryWedding;
			};
			name = Release;
		};
/* End XCBuildConfiguration section */

/* Begin XCConfigurationList section */
		51B8C5262084204C00FD5358 /* Build configuration list for PBXProject "BoriAndMalloryWedding" */ = {
			isa = XCConfigurationList;
			buildConfigurations = (
				51B8C5512084204E00FD5358 /* Debug */,
				51B8C5522084204E00FD5358 /* Release */,
			);
			defaultConfigurationIsVisible = 0;
			defaultConfigurationName = Release;
		};
		51B8C5532084204E00FD5358 /* Build configuration list for PBXNativeTarget "BoriAndMalloryWedding" */ = {
			isa = XCConfigurationList;
			buildConfigurations = (
				51B8C5542084204E00FD5358 /* Debug */,
				51B8C5552084204E00FD5358 /* Release */,
			);
			defaultConfigurationIsVisible = 0;
			defaultConfigurationName = Release;
		};
		51B8C5562084204E00FD5358 /* Build configuration list for PBXNativeTarget "BoriAndMalloryWeddingTests" */ = {
			isa = XCConfigurationList;
			buildConfigurations = (
				51B8C5572084204E00FD5358 /* Debug */,
				51B8C5582084204E00FD5358 /* Release */,
			);
			defaultConfigurationIsVisible = 0;
			defaultConfigurationName = Release;
		};
		51B8C5592084204E00FD5358 /* Build configuration list for PBXNativeTarget "BoriAndMalloryWeddingUITests" */ = {
			isa = XCConfigurationList;
			buildConfigurations = (
				51B8C55A2084204E00FD5358 /* Debug */,
				51B8C55B2084204E00FD5358 /* Release */,
			);
			defaultConfigurationIsVisible = 0;
			defaultConfigurationName = Release;
		};
/* End XCConfigurationList section */
	};
	rootObject = 51B8C5232084204C00FD5358 /* Project object */;
}
